
Microsoft Visual Studio Solution File, Format Version 12.00
# Visual Studio Version 17
VisualStudioVersion = 17.7.34024.191
MinimumVisualStudioVersion = 10.0.40219.1
Project("{FAE04EC0-301F-11D3-BF4B-00C04F79EFBC}") = "Controles", "Controles\Controles.csproj", "{38AB3B32-B54C-4670-BD93-408258167086}"
EndProject
Global
	GlobalSection(SolutionConfigurationPlatforms) = preSolution
		Debug|Any CPU = Debug|Any CPU
		Release|Any CPU = Release|Any CPU
	EndGlobalSection
	GlobalSection(ProjectConfigurationPlatforms) = postSolution
		{38AB3B32-B54C-4670-BD93-408258167086}.Debug|Any CPU.ActiveCfg = Debug|Any CPU
		{38AB3B32-B54C-4670-BD93-408258167086}.Debug|Any CPU.Build.0 = Debug|Any CPU
		{38AB3B32-B54C-4670-BD93-408258167086}.Release|Any CPU.ActiveCfg = Release|Any CPU
		{38AB3B32-B54C-4670-BD93-408258167086}.Release|Any CPU.Build.0 = Release|Any CPU
	EndGlobalSection
	GlobalSection(SolutionProperties) = preSolution
		HideSolutionNode = FALSE
	EndGlobalSection
	GlobalSection(ExtensibilityGlobals) = postSolution
		SolutionGuid = {70175F9F-031D-487D-B356-2D57EDC16AE4}
	EndGlobalSection
EndGlobal
