
Microsoft Visual Studio Solution File, Format Version 12.00
# Visual Studio Version 17
VisualStudioVersion = 17.7.34024.191
MinimumVisualStudioVersion = 10.0.40219.1
Project("{FAE04EC0-301F-11D3-BF4B-00C04F79EFBC}") = "Prueba", "Prueba\Prueba.csproj", "{ABE92961-23F1-467C-9D60-58939EDBF283}"
EndProject
Global
	GlobalSection(SolutionConfigurationPlatforms) = preSolution
		Debug|Any CPU = Debug|Any CPU
		Release|Any CPU = Release|Any CPU
	EndGlobalSection
	GlobalSection(ProjectConfigurationPlatforms) = postSolution
		{ABE92961-23F1-467C-9D60-58939EDBF283}.Debug|Any CPU.ActiveCfg = Debug|Any CPU
		{ABE92961-23F1-467C-9D60-58939EDBF283}.Debug|Any CPU.Build.0 = Debug|Any CPU
		{ABE92961-23F1-467C-9D60-58939EDBF283}.Release|Any CPU.ActiveCfg = Release|Any CPU
		{ABE92961-23F1-467C-9D60-58939EDBF283}.Release|Any CPU.Build.0 = Release|Any CPU
	EndGlobalSection
	GlobalSection(SolutionProperties) = preSolution
		HideSolutionNode = FALSE
	EndGlobalSection
	GlobalSection(ExtensibilityGlobals) = postSolution
		SolutionGuid = {264B5303-2CE7-4D1D-8972-79EC89D32200}
	EndGlobalSection
EndGlobal
