
Microsoft Visual Studio Solution File, Format Version 12.00
# Visual Studio Version 17
VisualStudioVersion = 17.7.34024.191
MinimumVisualStudioVersion = 10.0.40219.1
Project("{FAE04EC0-301F-11D3-BF4B-00C04F79EFBC}") = "Instalador", "Instalador\Instalador.csproj", "{48B9FA48-400B-4361-8E1A-E3775007084E}"
EndProject
Project("{7CF6DF6D-3B04-46F8-A40B-537D21BCA0B4}") = "DocumentationInstalador", "DocumentationInstalador\DocumentationInstalador.shfbproj", "{D225CCAB-6845-4FE8-BE27-391632D1C5A9}"
EndProject
Global
	GlobalSection(SolutionConfigurationPlatforms) = preSolution
		Debug|Any CPU = Debug|Any CPU
		Release|Any CPU = Release|Any CPU
	EndGlobalSection
	GlobalSection(ProjectConfigurationPlatforms) = postSolution
		{48B9FA48-400B-4361-8E1A-E3775007084E}.Debug|Any CPU.ActiveCfg = Debug|Any CPU
		{48B9FA48-400B-4361-8E1A-E3775007084E}.Debug|Any CPU.Build.0 = Debug|Any CPU
		{48B9FA48-400B-4361-8E1A-E3775007084E}.Release|Any CPU.ActiveCfg = Release|Any CPU
		{48B9FA48-400B-4361-8E1A-E3775007084E}.Release|Any CPU.Build.0 = Release|Any CPU
		{D225CCAB-6845-4FE8-BE27-391632D1C5A9}.Debug|Any CPU.ActiveCfg = Debug|Any CPU
		{D225CCAB-6845-4FE8-BE27-391632D1C5A9}.Debug|Any CPU.Build.0 = Debug|Any CPU
		{D225CCAB-6845-4FE8-BE27-391632D1C5A9}.Release|Any CPU.ActiveCfg = Release|Any CPU
		{D225CCAB-6845-4FE8-BE27-391632D1C5A9}.Release|Any CPU.Build.0 = Release|Any CPU
	EndGlobalSection
	GlobalSection(SolutionProperties) = preSolution
		HideSolutionNode = FALSE
	EndGlobalSection
	GlobalSection(ExtensibilityGlobals) = postSolution
		SolutionGuid = {8C78726D-36A6-4C50-BE1B-882AF8F68FC0}
	EndGlobalSection
EndGlobal
