
Microsoft Visual Studio Solution File, Format Version 12.00
# Visual Studio Version 17
VisualStudioVersion = 17.8.34511.84
MinimumVisualStudioVersion = 10.0.40219.1
Project("{9A19103F-16F7-4668-BE54-9A1E7A4F7556}") = "PruebasUnitarias", "PruebasUnitarias\PruebasUnitarias.csproj", "{5D637EE5-4781-4609-AEDF-44E5C145007B}"
EndProject
Project("{FAE04EC0-301F-11D3-BF4B-00C04F79EFBC}") = "Pruebas", "Pruebas\Pruebas.csproj", "{E05616AA-574B-49C0-A051-C22085B6D050}"
EndProject
Global
	GlobalSection(SolutionConfigurationPlatforms) = preSolution
		Debug|Any CPU = Debug|Any CPU
		Release|Any CPU = Release|Any CPU
	EndGlobalSection
	GlobalSection(ProjectConfigurationPlatforms) = postSolution
		{5D637EE5-4781-4609-AEDF-44E5C145007B}.Debug|Any CPU.ActiveCfg = Debug|Any CPU
		{5D637EE5-4781-4609-AEDF-44E5C145007B}.Debug|Any CPU.Build.0 = Debug|Any CPU
		{5D637EE5-4781-4609-AEDF-44E5C145007B}.Release|Any CPU.ActiveCfg = Release|Any CPU
		{5D637EE5-4781-4609-AEDF-44E5C145007B}.Release|Any CPU.Build.0 = Release|Any CPU
		{E05616AA-574B-49C0-A051-C22085B6D050}.Debug|Any CPU.ActiveCfg = Debug|Any CPU
		{E05616AA-574B-49C0-A051-C22085B6D050}.Debug|Any CPU.Build.0 = Debug|Any CPU
		{E05616AA-574B-49C0-A051-C22085B6D050}.Release|Any CPU.ActiveCfg = Release|Any CPU
		{E05616AA-574B-49C0-A051-C22085B6D050}.Release|Any CPU.Build.0 = Release|Any CPU
	EndGlobalSection
	GlobalSection(SolutionProperties) = preSolution
		HideSolutionNode = FALSE
	EndGlobalSection
	GlobalSection(ExtensibilityGlobals) = postSolution
		SolutionGuid = {13443F51-F7C8-41F9-A5EC-7FD7C61B804B}
	EndGlobalSection
EndGlobal
