
Microsoft Visual Studio Solution File, Format Version 12.00
# Visual Studio Version 17
VisualStudioVersion = 17.7.34024.191
MinimumVisualStudioVersion = 10.0.40219.1
Project("{FAE04EC0-301F-11D3-BF4B-00C04F79EFBC}") = "PruebasVarias", "PruebasVarias\PruebasVarias.csproj", "{3951F823-3AAC-418F-96C2-E297BE6DDADF}"
EndProject
Global
	GlobalSection(SolutionConfigurationPlatforms) = preSolution
		Debug|Any CPU = Debug|Any CPU
		Release|Any CPU = Release|Any CPU
	EndGlobalSection
	GlobalSection(ProjectConfigurationPlatforms) = postSolution
		{3951F823-3AAC-418F-96C2-E297BE6DDADF}.Debug|Any CPU.ActiveCfg = Debug|Any CPU
		{3951F823-3AAC-418F-96C2-E297BE6DDADF}.Debug|Any CPU.Build.0 = Debug|Any CPU
		{3951F823-3AAC-418F-96C2-E297BE6DDADF}.Release|Any CPU.ActiveCfg = Release|Any CPU
		{3951F823-3AAC-418F-96C2-E297BE6DDADF}.Release|Any CPU.Build.0 = Release|Any CPU
	EndGlobalSection
	GlobalSection(SolutionProperties) = preSolution
		HideSolutionNode = FALSE
	EndGlobalSection
	GlobalSection(ExtensibilityGlobals) = postSolution
		SolutionGuid = {41CF48B7-8CF8-4E9F-B704-A5C06D1730B1}
	EndGlobalSection
EndGlobal
